
Microsoft Visual Studio Solution File, Format Version 12.00
# Visual Studio Version 17
VisualStudioVersion = 17.1.32407.343
MinimumVisualStudioVersion = 10.0.40219.1
Project("{FAE04EC0-301F-11D3-BF4B-00C04F79EFBC}") = "EtlService", "EtlService.csproj", "{FC80A544-31BB-4D52-B123-7ED1DF5CEE67}"
EndProject
Global
	GlobalSection(SolutionConfigurationPlatforms) = preSolution
		Debug|Any CPU = Debug|Any CPU
		Release|Any CPU = Release|Any CPU
	EndGlobalSection
	GlobalSection(ProjectConfigurationPlatforms) = postSolution
		{FC80A544-31BB-4D52-B123-7ED1DF5CEE67}.Debug|Any CPU.ActiveCfg = Debug|Any CPU
		{FC80A544-31BB-4D52-B123-7ED1DF5CEE67}.Debug|Any CPU.Build.0 = Debug|Any CPU
		{FC80A544-31BB-4D52-B123-7ED1DF5CEE67}.Release|Any CPU.ActiveCfg = Release|Any CPU
		{FC80A544-31BB-4D52-B123-7ED1DF5CEE67}.Release|Any CPU.Build.0 = Release|Any CPU
	EndGlobalSection
	GlobalSection(SolutionProperties) = preSolution
		HideSolutionNode = FALSE
	EndGlobalSection
	GlobalSection(ExtensibilityGlobals) = postSolution
		SolutionGuid = {2A1FAC30-2966-4A39-A00F-E91008EDB4FE}
	EndGlobalSection
EndGlobal
